# This file is automatically @generated by Cargo.
# It is not intended for manual editing.
[[package]]
name = "bitbit"
version = "0.2.0"
source = "registry+https://github.com/rust-lang/crates.io-index"

[[package]]
name = "lz78_decode"
version = "0.1.0"
dependencies = [
 "bitbit 0.2.0 (registry+https://github.com/rust-lang/crates.io-index)",
]

[metadata]
"checksum bitbit 0.2.0 (registry+https://github.com/rust-lang/crates.io-index)" = "341ee439c53e593fa7de26dead9515601539b6cf9a53e3368c1405471e3ea322"
